
Microsoft Visual Studio Solution File, Format Version 12.00
# Visual Studio 14
VisualStudioVersion = 14.0.25420.1
MinimumVisualStudioVersion = 10.0.40219.1
Project("{FAE04EC0-301F-11D3-BF4B-00C04F79EFBC}") = "VendingMachine.WinForms", "VendingMachine.WinForms\VendingMachine.WinForms.csproj", "{450E73CE-7EDC-4D6B-86B5-25F7747310C3}"
EndProject
Project("{FAE04EC0-301F-11D3-BF4B-00C04F79EFBC}") = "VendingMachineDataInjectionInterfaces", "VendingMachineDataInjectionInterfaces\VendingMachineDataInjectionInterfaces.csproj", "{A528F00C-CDDB-4064-A02A-A50709146558}"
EndProject
Project("{FAE04EC0-301F-11D3-BF4B-00C04F79EFBC}") = "VendingMachineModel", "VendingMachineModel\VendingMachineModel.csproj", "{A1E371BA-0CB7-409F-9509-AFAF571DF5D5}"
EndProject
Project("{FAE04EC0-301F-11D3-BF4B-00C04F79EFBC}") = "VendingMachinePresenter", "VendingMachinePresenter\VendingMachinePresenter.csproj", "{828F1EF7-916D-4B5B-9401-D82429B23A1F}"
EndProject
Global
	GlobalSection(SolutionConfigurationPlatforms) = preSolution
		Debug|Any CPU = Debug|Any CPU
		Release|Any CPU = Release|Any CPU
	EndGlobalSection
	GlobalSection(ProjectConfigurationPlatforms) = postSolution
		{450E73CE-7EDC-4D6B-86B5-25F7747310C3}.Debug|Any CPU.ActiveCfg = Debug|Any CPU
		{450E73CE-7EDC-4D6B-86B5-25F7747310C3}.Debug|Any CPU.Build.0 = Debug|Any CPU
		{450E73CE-7EDC-4D6B-86B5-25F7747310C3}.Release|Any CPU.ActiveCfg = Release|Any CPU
		{450E73CE-7EDC-4D6B-86B5-25F7747310C3}.Release|Any CPU.Build.0 = Release|Any CPU
		{A528F00C-CDDB-4064-A02A-A50709146558}.Debug|Any CPU.ActiveCfg = Debug|Any CPU
		{A528F00C-CDDB-4064-A02A-A50709146558}.Debug|Any CPU.Build.0 = Debug|Any CPU
		{A528F00C-CDDB-4064-A02A-A50709146558}.Release|Any CPU.ActiveCfg = Release|Any CPU
		{A528F00C-CDDB-4064-A02A-A50709146558}.Release|Any CPU.Build.0 = Release|Any CPU
		{A1E371BA-0CB7-409F-9509-AFAF571DF5D5}.Debug|Any CPU.ActiveCfg = Debug|Any CPU
		{A1E371BA-0CB7-409F-9509-AFAF571DF5D5}.Debug|Any CPU.Build.0 = Debug|Any CPU
		{A1E371BA-0CB7-409F-9509-AFAF571DF5D5}.Release|Any CPU.ActiveCfg = Release|Any CPU
		{A1E371BA-0CB7-409F-9509-AFAF571DF5D5}.Release|Any CPU.Build.0 = Release|Any CPU
		{828F1EF7-916D-4B5B-9401-D82429B23A1F}.Debug|Any CPU.ActiveCfg = Debug|Any CPU
		{828F1EF7-916D-4B5B-9401-D82429B23A1F}.Debug|Any CPU.Build.0 = Debug|Any CPU
		{828F1EF7-916D-4B5B-9401-D82429B23A1F}.Release|Any CPU.ActiveCfg = Release|Any CPU
		{828F1EF7-916D-4B5B-9401-D82429B23A1F}.Release|Any CPU.Build.0 = Release|Any CPU
	EndGlobalSection
	GlobalSection(SolutionProperties) = preSolution
		HideSolutionNode = FALSE
	EndGlobalSection
	GlobalSection(ExtensibilityGlobals) = postSolution
		SolutionGuid = {7C8ACDE8-4770-4AC6-89D9-C41C3405D712}
	EndGlobalSection
EndGlobal
